// !$*UTF8*$!
{
	archiveVersion = 1;
	classes = {
	};
	objectVersion = 48;
	objects = {

/* Begin PBXBuildFile section */
		F5B698E6224C91CD00225E85 /* AppDelegate.swift in Sources */ = {isa = PBXBuildFile; fileRef = F5B698E5224C91CD00225E85 /* AppDelegate.swift */; };
		F5B698E8224C91CD00225E85 /* ViewController.swift in Sources */ = {isa = PBXBuildFile; fileRef = F5B698E7224C91CD00225E85 /* ViewController.swift */; };
		F5B698EB224C91CD00225E85 /* Main.storyboard in Resources */ = {isa = PBXBuildFile; fileRef = F5B698E9224C91CD00225E85 /* Main.storyboard */; };
		F5B698ED224C91CD00225E85 /* Assets.xcassets in Resources */ = {isa = PBXBuildFile; fileRef = F5B698EC224C91CD00225E85 /* Assets.xcassets */; };
		F5B698F0224C91CD00225E85 /* LaunchScreen.storyboard in Resources */ = {isa = PBXBuildFile; fileRef = F5B698EE224C91CD00225E85 /* LaunchScreen.storyboard */; };
		F5B698FC224C959A00225E85 /* frame5.png in Resources */ = {isa = PBXBuildFile; fileRef = F5B698F7224C959A00225E85 /* frame5.png */; };
		F5B698FD224C959A00225E85 /* frame3.png in Resources */ = {isa = PBXBuildFile; fileRef = F5B698F8224C959A00225E85 /* frame3.png */; };
		F5B698FE224C959A00225E85 /* frame1.png in Resources */ = {isa = PBXBuildFile; fileRef = F5B698F9224C959A00225E85 /* frame1.png */; };
		F5B698FF224C959A00225E85 /* frame4.png in Resources */ = {isa = PBXBuildFile; fileRef = F5B698FA224C959A00225E85 /* frame4.png */; };
		F5B69900224C959A00225E85 /* frame2.png in Resources */ = {isa = PBXBuildFile; fileRef = F5B698FB224C959A00225E85 /* frame2.png */; };
/* End PBXBuildFile section */

/* Begin PBXFileReference section */
		F5B698E2224C91CD00225E85 /* MosterImageView.app */ = {isa = PBXFileReference; explicitFileType = wrapper.application; includeInIndex = 0; path = MosterImageView.app; sourceTree = BUILT_PRODUCTS_DIR; };
		F5B698E5224C91CD00225E85 /* AppDelegate.swift */ = {isa = PBXFileReference; lastKnownFileType = sourcecode.swift; path = AppDelegate.swift; sourceTree = "<group>"; };
		F5B698E7224C91CD00225E85 /* ViewController.swift */ = {isa = PBXFileReference; lastKnownFileType = sourcecode.swift; path = ViewController.swift; sourceTree = "<group>"; };
		F5B698EA224C91CD00225E85 /* Base */ = {isa = PBXFileReference; lastKnownFileType = file.storyboard; name = Base; path = Base.lproj/Main.storyboard; sourceTree = "<group>"; };
		F5B698EC224C91CD00225E85 /* Assets.xcassets */ = {isa = PBXFileReference; lastKnownFileType = folder.assetcatalog; path = Assets.xcassets; sourceTree = "<group>"; };
		F5B698EF224C91CD00225E85 /* Base */ = {isa = PBXFileReference; lastKnownFileType = file.storyboard; name = Base; path = Base.lproj/LaunchScreen.storyboard; sourceTree = "<group>"; };
		F5B698F1224C91CD00225E85 /* Info.plist */ = {isa = PBXFileReference; lastKnownFileType = text.plist.xml; path = Info.plist; sourceTree = "<group>"; };
		F5B698F7224C959A00225E85 /* frame5.png */ = {isa = PBXFileReference; lastKnownFileType = image.png; path = frame5.png; sourceTree = "<group>"; };
		F5B698F8224C959A00225E85 /* frame3.png */ = {isa = PBXFileReference; lastKnownFileType = image.png; path = frame3.png; sourceTree = "<group>"; };
		F5B698F9224C959A00225E85 /* frame1.png */ = {isa = PBXFileReference; lastKnownFileType = image.png; path = frame1.png; sourceTree = "<group>"; };
		F5B698FA224C959A00225E85 /* frame4.png */ = {isa = PBXFileReference; lastKnownFileType = image.png; path = frame4.png; sourceTree = "<group>"; };
		F5B698FB224C959A00225E85 /* frame2.png */ = {isa = PBXFileReference; lastKnownFileType = image.png; path = frame2.png; sourceTree = "<group>"; };
/* End PBXFileReference section */

/* Begin PBXFrameworksBuildPhase section */
		F5B698DF224C91CD00225E85 /* Frameworks */ = {
			isa = PBXFrameworksBuildPhase;
			buildActionMask = 2147483647;
			files = (
			);
			runOnlyForDeploymentPostprocessing = 0;
		};
/* End PBXFrameworksBuildPhase section */

/* Begin PBXGroup section */
		F5B698D9224C91CD00225E85 = {
			isa = PBXGroup;
			children = (
				F5B698E4224C91CD00225E85 /* MosterImageView */,
				F5B698E3224C91CD00225E85 /* Products */,
			);
			sourceTree = "<group>";
		};
		F5B698E3224C91CD00225E85 /* Products */ = {
			isa = PBXGroup;
			children = (
				F5B698E2224C91CD00225E85 /* MosterImageView.app */,
			);
			name = Products;
			sourceTree = "<group>";
		};
		F5B698E4224C91CD00225E85 /* MosterImageView */ = {
			isa = PBXGroup;
			children = (
				F5B698F9224C959A00225E85 /* frame1.png */,
				F5B698FB224C959A00225E85 /* frame2.png */,
				F5B698F8224C959A00225E85 /* frame3.png */,
				F5B698FA224C959A00225E85 /* frame4.png */,
				F5B698F7224C959A00225E85 /* frame5.png */,
				F5B698E5224C91CD00225E85 /* AppDelegate.swift */,
				F5B698E7224C91CD00225E85 /* ViewController.swift */,
				F5B698E9224C91CD00225E85 /* Main.storyboard */,
				F5B698EC224C91CD00225E85 /* Assets.xcassets */,
				F5B698EE224C91CD00225E85 /* LaunchScreen.storyboard */,
				F5B698F1224C91CD00225E85 /* Info.plist */,
			);
			path = MosterImageView;
			sourceTree = "<group>";
		};
/* End PBXGroup section */

/* Begin PBXNativeTarget section */
		F5B698E1224C91CD00225E85 /* MosterImageView */ = {
			isa = PBXNativeTarget;
			buildConfigurationList = F5B698F4224C91CD00225E85 /* Build configuration list for PBXNativeTarget "MosterImageView" */;
			buildPhases = (
				F5B698DE224C91CD00225E85 /* Sources */,
				F5B698DF224C91CD00225E85 /* Frameworks */,
				F5B698E0224C91CD00225E85 /* Resources */,
			);
			buildRules = (
			);
			dependencies = (
			);
			name = MosterImageView;
			productName = MosterImageView;
			productReference = F5B698E2224C91CD00225E85 /* MosterImageView.app */;
			productType = "com.apple.product-type.application";
		};
/* End PBXNativeTarget section */

/* Begin PBXProject section */
		F5B698DA224C91CD00225E85 /* Project object */ = {
			isa = PBXProject;
			attributes = {
				LastSwiftUpdateCheck = 0920;
				LastUpgradeCheck = 0920;
				ORGANIZATIONNAME = D7703_27;
				TargetAttributes = {
					F5B698E1224C91CD00225E85 = {
						CreatedOnToolsVersion = 9.2;
						ProvisioningStyle = Automatic;
					};
				};
			};
			buildConfigurationList = F5B698DD224C91CD00225E85 /* Build configuration list for PBXProject "MosterImageView" */;
			compatibilityVersion = "Xcode 8.0";
			developmentRegion = en;
			hasScannedForEncodings = 0;
			knownRegions = (
				en,
				Base,
			);
			mainGroup = F5B698D9224C91CD00225E85;
			productRefGroup = F5B698E3224C91CD00225E85 /* Products */;
			projectDirPath = "";
			projectRoot = "";
			targets = (
				F5B698E1224C91CD00225E85 /* MosterImageView */,
			);
		};
/* End PBXProject section */

/* Begin PBXResourcesBuildPhase section */
		F5B698E0224C91CD00225E85 /* Resources */ = {
			isa = PBXResourcesBuildPhase;
			buildActionMask = 2147483647;
			files = (
				F5B698FD224C959A00225E85 /* frame3.png in Resources */,
				F5B698F0224C91CD00225E85 /* LaunchScreen.storyboard in Resources */,
				F5B69900224C959A00225E85 /* frame2.png in Resources */,
				F5B698FF224C959A00225E85 /* frame4.png in Resources */,
				F5B698FC224C959A00225E85 /* frame5.png in Resources */,
				F5B698FE224C959A00225E85 /* frame1.png in Resources */,
				F5B698ED224C91CD00225E85 /* Assets.xcassets in Resources */,
				F5B698EB224C91CD00225E85 /* Main.storyboard in Resources */,
			);
			runOnlyForDeploymentPostprocessing = 0;
		};
/* End PBXResourcesBuildPhase section */

/* Begin PBXSourcesBuildPhase section */
		F5B698DE224C91CD00225E85 /* Sources */ = {
			isa = PBXSourcesBuildPhase;
			buildActionMask = 2147483647;
			files = (
				F5B698E8224C91CD00225E85 /* ViewController.swift in Sources */,
				F5B698E6224C91CD00225E85 /* AppDelegate.swift in Sources */,
			);
			runOnlyForDeploymentPostprocessing = 0;
		};
/* End PBXSourcesBuildPhase section */

/* Begin PBXVariantGroup section */
		F5B698E9224C91CD00225E85 /* Main.storyboard */ = {
			isa = PBXVariantGroup;
			children = (
				F5B698EA224C91CD00225E85 /* Base */,
			);
			name = Main.storyboard;
			sourceTree = "<group>";
		};
		F5B698EE224C91CD00225E85 /* LaunchScreen.storyboard */ = {
			isa = PBXVariantGroup;
			children = (
				F5B698EF224C91CD00225E85 /* Base */,
			);
			name = LaunchScreen.storyboard;
			sourceTree = "<group>";
		};
/* End PBXVariantGroup section */

/* Begin XCBuildConfiguration section */
		F5B698F2224C91CD00225E85 /* Debug */ = {
			isa = XCBuildConfiguration;
			buildSettings = {
				ALWAYS_SEARCH_USER_PATHS = NO;
				CLANG_ANALYZER_NONNULL = YES;
				CLANG_ANALYZER_NUMBER_OBJECT_CONVERSION = YES_AGGRESSIVE;
				CLANG_CXX_LANGUAGE_STANDARD = "gnu++14";
				CLANG_CXX_LIBRARY = "libc++";
				CLANG_ENABLE_MODULES = YES;
				CLANG_ENABLE_OBJC_ARC = YES;
				CLANG_WARN_BLOCK_CAPTURE_AUTORELEASING = YES;
				CLANG_WARN_BOOL_CONVERSION = YES;
				CLANG_WARN_COMMA = YES;
				CLANG_WARN_CONSTANT_CONVERSION = YES;
				CLANG_WARN_DIRECT_OBJC_ISA_USAGE = YES_ERROR;
				CLANG_WARN_DOCUMENTATION_COMMENTS = YES;
				CLANG_WARN_EMPTY_BODY = YES;
				CLANG_WARN_ENUM_CONVERSION = YES;
				CLANG_WARN_INFINITE_RECURSION = YES;
				CLANG_WARN_INT_CONVERSION = YES;
				CLANG_WARN_NON_LITERAL_NULL_CONVERSION = YES;
				CLANG_WARN_OBJC_LITERAL_CONVERSION = YES;
				CLANG_WARN_OBJC_ROOT_CLASS = YES_ERROR;
				CLANG_WARN_RANGE_LOOP_ANALYSIS = YES;
				CLANG_WARN_STRICT_PROTOTYPES = YES;
				CLANG_WARN_SUSPICIOUS_MOVE = YES;
				CLANG_WARN_UNGUARDED_AVAILABILITY = YES_AGGRESSIVE;
				CLANG_WARN_UNREACHABLE_CODE = YES;
				CLANG_WARN__DUPLICATE_METHOD_MATCH = YES;
				CODE_SIGN_IDENTITY = "iPhone Developer";
				COPY_PHASE_STRIP = NO;
				DEBUG_INFORMATION_FORMAT = dwarf;
				ENABLE_STRICT_OBJC_MSGSEND = YES;
				ENABLE_TESTABILITY = YES;
				GCC_C_LANGUAGE_STANDARD = gnu11;
				GCC_DYNAMIC_NO_PIC = NO;
				GCC_NO_COMMON_BLOCKS = YES;
				GCC_OPTIMIZATION_LEVEL = 0;
				GCC_PREPROCESSOR_DEFINITIONS = (
					"DEBUG=1",
					"$(inherited)",
				);
				GCC_WARN_64_TO_32_BIT_CONVERSION = YES;
				GCC_WARN_ABOUT_RETURN_TYPE = YES_ERROR;
				GCC_WARN_UNDECLARED_SELECTOR = YES;
				GCC_WARN_UNINITIALIZED_AUTOS = YES_AGGRESSIVE;
				GCC_WARN_UNUSED_FUNCTION = YES;
				GCC_WARN_UNUSED_VARIABLE = YES;
				IPHONEOS_DEPLOYMENT_TARGET = 11.2;
				MTL_ENABLE_DEBUG_INFO = YES;
				ONLY_ACTIVE_ARCH = YES;
				SDKROOT = iphoneos;
				SWIFT_ACTIVE_COMPILATION_CONDITIONS = DEBUG;
				SWIFT_OPTIMIZATION_LEVEL = "-Onone";
			};
			name = Debug;
		};
		F5B698F3224C91CD00225E85 /* Release */ = {
			isa = XCBuildConfiguration;
			buildSettings = {
				ALWAYS_SEARCH_USER_PATHS = NO;
				CLANG_ANALYZER_NONNULL = YES;
				CLANG_ANALYZER_NUMBER_OBJECT_CONVERSION = YES_AGGRESSIVE;
				CLANG_CXX_LANGUAGE_STANDARD = "gnu++14";
				CLANG_CXX_LIBRARY = "libc++";
				CLANG_ENABLE_MODULES = YES;
				CLANG_ENABLE_OBJC_ARC = YES;
				CLANG_WARN_BLOCK_CAPTURE_AUTORELEASING = YES;
				CLANG_WARN_BOOL_CONVERSION = YES;
				CLANG_WARN_COMMA = YES;
				CLANG_WARN_CONSTANT_CONVERSION = YES;
				CLANG_WARN_DIRECT_OBJC_ISA_USAGE = YES_ERROR;
				CLANG_WARN_DOCUMENTATION_COMMENTS = YES;
				CLANG_WARN_EMPTY_BODY = YES;
				CLANG_WARN_ENUM_CONVERSION = YES;
				CLANG_WARN_INFINITE_RECURSION = YES;
				CLANG_WARN_INT_CONVERSION = YES;
				CLANG_WARN_NON_LITERAL_NULL_CONVERSION = YES;
				CLANG_WARN_OBJC_LITERAL_CONVERSION = YES;
				CLANG_WARN_OBJC_ROOT_CLASS = YES_ERROR;
				CLANG_WARN_RANGE_LOOP_ANALYSIS = YES;
				CLANG_WARN_STRICT_PROTOTYPES = YES;
				CLANG_WARN_SUSPICIOUS_MOVE = YES;
				CLANG_WARN_UNGUARDED_AVAILABILITY = YES_AGGRESSIVE;
				CLANG_WARN_UNREACHABLE_CODE = YES;
				CLANG_WARN__DUPLICATE_METHOD_MATCH = YES;
				CODE_SIGN_IDENTITY = "iPhone Developer";
				COPY_PHASE_STRIP = NO;
				DEBUG_INFORMATION_FORMAT = "dwarf-with-dsym";
				ENABLE_NS_ASSERTIONS = NO;
				ENABLE_STRICT_OBJC_MSGSEND = YES;
				GCC_C_LANGUAGE_STANDARD = gnu11;
				GCC_NO_COMMON_BLOCKS = YES;
				GCC_WARN_64_TO_32_BIT_CONVERSION = YES;
				GCC_WARN_ABOUT_RETURN_TYPE = YES_ERROR;
				GCC_WARN_UNDECLARED_SELECTOR = YES;
				GCC_WARN_UNINITIALIZED_AUTOS = YES_AGGRESSIVE;
				GCC_WARN_UNUSED_FUNCTION = YES;
				GCC_WARN_UNUSED_VARIABLE = YES;
				IPHONEOS_DEPLOYMENT_TARGET = 11.2;
				MTL_ENABLE_DEBUG_INFO = NO;
				SDKROOT = iphoneos;
				SWIFT_OPTIMIZATION_LEVEL = "-Owholemodule";
				VALIDATE_PRODUCT = YES;
			};
			name = Release;
		};
		F5B698F5224C91CD00225E85 /* Debug */ = {
			isa = XCBuildConfiguration;
			buildSettings = {
				ASSETCATALOG_COMPILER_APPICON_NAME = AppIcon;
				CODE_SIGN_STYLE = Automatic;
				INFOPLIST_FILE = MosterImageView/Info.plist;
				LD_RUNPATH_SEARCH_PATHS = "$(inherited) @executable_path/Frameworks";
				PRODUCT_BUNDLE_IDENTIFIER = "-018.MosterImageView";
				PRODUCT_NAME = "$(TARGET_NAME)";
				SWIFT_VERSION = 4.0;
				TARGETED_DEVICE_FAMILY = "1,2";
			};
			name = Debug;
		};
		F5B698F6224C91CD00225E85 /* Release */ = {
			isa = XCBuildConfiguration;
			buildSettings = {
				ASSETCATALOG_COMPILER_APPICON_NAME = AppIcon;
				CODE_SIGN_STYLE = Automatic;
				INFOPLIST_FILE = MosterImageView/Info.plist;
				LD_RUNPATH_SEARCH_PATHS = "$(inherited) @executable_path/Frameworks";
				PRODUCT_BUNDLE_IDENTIFIER = "-018.MosterImageView";
				PRODUCT_NAME = "$(TARGET_NAME)";
				SWIFT_VERSION = 4.0;
				TARGETED_DEVICE_FAMILY = "1,2";
			};
			name = Release;
		};
/* End XCBuildConfiguration section */

/* Begin XCConfigurationList section */
		F5B698DD224C91CD00225E85 /* Build configuration list for PBXProject "MosterImageView" */ = {
			isa = XCConfigurationList;
			buildConfigurations = (
				F5B698F2224C91CD00225E85 /* Debug */,
				F5B698F3224C91CD00225E85 /* Release */,
			);
			defaultConfigurationIsVisible = 0;
			defaultConfigurationName = Release;
		};
		F5B698F4224C91CD00225E85 /* Build configuration list for PBXNativeTarget "MosterImageView" */ = {
			isa = XCConfigurationList;
			buildConfigurations = (
				F5B698F5224C91CD00225E85 /* Debug */,
				F5B698F6224C91CD00225E85 /* Release */,
			);
			defaultConfigurationIsVisible = 0;
			defaultConfigurationName = Release;
		};
/* End XCConfigurationList section */
	};
	rootObject = F5B698DA224C91CD00225E85 /* Project object */;
}
